// !$*UTF8*$!
{
	archiveVersion = 1;
	classes = {
	};
	objectVersion = 46;
	objects = {

/* Begin PBXBuildFile section */
		2B0D1FF31CF20FA1003E3130 /* AppDelegate.swift in Sources */ = {isa = PBXBuildFile; fileRef = 2B0D1FF21CF20FA1003E3130 /* AppDelegate.swift */; };
		2B0D1FF51CF20FA1003E3130 /* ViewController.swift in Sources */ = {isa = PBXBuildFile; fileRef = 2B0D1FF41CF20FA1003E3130 /* ViewController.swift */; };
		2B0D1FF81CF20FA1003E3130 /* Main.storyboard in Resources */ = {isa = PBXBuildFile; fileRef = 2B0D1FF61CF20FA1003E3130 /* Main.storyboard */; };
		2B0D1FFB1CF20FA1003E3130 /* kerbit.xcdatamodeld in Sources */ = {isa = PBXBuildFile; fileRef = 2B0D1FF91CF20FA1003E3130 /* kerbit.xcdatamodeld */; };
		2B0D1FFD1CF20FA1003E3130 /* Assets.xcassets in Resources */ = {isa = PBXBuildFile; fileRef = 2B0D1FFC1CF20FA1003E3130 /* Assets.xcassets */; };
		2B0D20001CF20FA1003E3130 /* LaunchScreen.storyboard in Resources */ = {isa = PBXBuildFile; fileRef = 2B0D1FFE1CF20FA1003E3130 /* LaunchScreen.storyboard */; };
		2B1015601D109BCF0012D5F3 /* ViewManager.swift in Sources */ = {isa = PBXBuildFile; fileRef = 2B10155F1D109BCF0012D5F3 /* ViewManager.swift */; };
		2B1015641D10E7D40012D5F3 /* Item.swift in Sources */ = {isa = PBXBuildFile; fileRef = 2B1015631D10E7D40012D5F3 /* Item.swift */; };
		2B1A8B741D11A3A8004CF59D /* RequestView.swift in Sources */ = {isa = PBXBuildFile; fileRef = 2B1A8B731D11A3A8004CF59D /* RequestView.swift */; };
		2B1A8B781D1279E8004CF59D /* Colors.swift in Sources */ = {isa = PBXBuildFile; fileRef = 2B1A8B771D1279E8004CF59D /* Colors.swift */; };
		2B1A8B7C1D1288EF004CF59D /* logo.png in Resources */ = {isa = PBXBuildFile; fileRef = 2B1A8B7B1D1288EF004CF59D /* logo.png */; };
		2B1A8B7E1D128E4A004CF59D /* marker.png in Resources */ = {isa = PBXBuildFile; fileRef = 2B1A8B7D1D128E4A004CF59D /* marker.png */; };
		2B5626491CF23CFF00834E68 /* HomeVC.swift in Sources */ = {isa = PBXBuildFile; fileRef = 2B5626481CF23CFF00834E68 /* HomeVC.swift */; };
		2B56264B1CF23D5300834E68 /* PickupLocationVC.swift in Sources */ = {isa = PBXBuildFile; fileRef = 2B56264A1CF23D5300834E68 /* PickupLocationVC.swift */; };
		2B6425A01D01376E0059A8DF /* SubscriptionLoader.swift in Sources */ = {isa = PBXBuildFile; fileRef = 2B64259E1D01376E0059A8DF /* SubscriptionLoader.swift */; };
		2B6425A11D01376E0059A8DF /* DataManager.swift in Sources */ = {isa = PBXBuildFile; fileRef = 2B64259F1D01376E0059A8DF /* DataManager.swift */; };
		2B64C97C1D0153F5006C3E10 /* Request.swift in Sources */ = {isa = PBXBuildFile; fileRef = 2B64C97B1D0153F5006C3E10 /* Request.swift */; };
		2B6F2B171D014465009619D1 /* TestVC.swift in Sources */ = {isa = PBXBuildFile; fileRef = 2B6F2B161D014465009619D1 /* TestVC.swift */; };
		2BB4BD3C1D01B49700433811 /* Offer.swift in Sources */ = {isa = PBXBuildFile; fileRef = 2BB4BD3B1D01B49700433811 /* Offer.swift */; };
		2BB4BD3E1D01BFB100433811 /* MyRequestsVC.swift in Sources */ = {isa = PBXBuildFile; fileRef = 2BB4BD3D1D01BFB100433811 /* MyRequestsVC.swift */; };
		2BEAFF231CF36F5200CDBD8A /* FormVC.swift in Sources */ = {isa = PBXBuildFile; fileRef = 2BEAFF221CF36F5200CDBD8A /* FormVC.swift */; };
		FFFE1C912F9B1C7A747BCE01 /* libPods-kerbit.a in Frameworks */ = {isa = PBXBuildFile; fileRef = E0B344014B762D92F71C7F71 /* libPods-kerbit.a */; };
/* End PBXBuildFile section */

/* Begin PBXFileReference section */
		2B0D1FEF1CF20FA1003E3130 /* kerbit.app */ = {isa = PBXFileReference; explicitFileType = wrapper.application; includeInIndex = 0; path = kerbit.app; sourceTree = BUILT_PRODUCTS_DIR; };
		2B0D1FF21CF20FA1003E3130 /* AppDelegate.swift */ = {isa = PBXFileReference; lastKnownFileType = sourcecode.swift; path = AppDelegate.swift; sourceTree = "<group>"; };
		2B0D1FF41CF20FA1003E3130 /* ViewController.swift */ = {isa = PBXFileReference; lastKnownFileType = sourcecode.swift; path = ViewController.swift; sourceTree = "<group>"; };
		2B0D1FF71CF20FA1003E3130 /* Base */ = {isa = PBXFileReference; lastKnownFileType = file.storyboard; name = Base; path = Base.lproj/Main.storyboard; sourceTree = "<group>"; };
		2B0D1FFA1CF20FA1003E3130 /* kerbit.xcdatamodel */ = {isa = PBXFileReference; lastKnownFileType = wrapper.xcdatamodel; path = kerbit.xcdatamodel; sourceTree = "<group>"; };
		2B0D1FFC1CF20FA1003E3130 /* Assets.xcassets */ = {isa = PBXFileReference; lastKnownFileType = folder.assetcatalog; path = Assets.xcassets; sourceTree = "<group>"; };
		2B0D1FFF1CF20FA1003E3130 /* Base */ = {isa = PBXFileReference; lastKnownFileType = file.storyboard; name = Base; path = Base.lproj/LaunchScreen.storyboard; sourceTree = "<group>"; };
		2B0D20011CF20FA1003E3130 /* Info.plist */ = {isa = PBXFileReference; lastKnownFileType = text.plist.xml; path = Info.plist; sourceTree = "<group>"; };
		2B10155F1D109BCF0012D5F3 /* ViewManager.swift */ = {isa = PBXFileReference; fileEncoding = 4; lastKnownFileType = sourcecode.swift; path = ViewManager.swift; sourceTree = "<group>"; };
		2B1015631D10E7D40012D5F3 /* Item.swift */ = {isa = PBXFileReference; fileEncoding = 4; lastKnownFileType = sourcecode.swift; path = Item.swift; sourceTree = "<group>"; };
		2B1A8B731D11A3A8004CF59D /* RequestView.swift */ = {isa = PBXFileReference; fileEncoding = 4; lastKnownFileType = sourcecode.swift; path = RequestView.swift; sourceTree = "<group>"; };
		2B1A8B771D1279E8004CF59D /* Colors.swift */ = {isa = PBXFileReference; fileEncoding = 4; lastKnownFileType = sourcecode.swift; path = Colors.swift; sourceTree = "<group>"; };
		2B1A8B7B1D1288EF004CF59D /* logo.png */ = {isa = PBXFileReference; lastKnownFileType = image.png; path = logo.png; sourceTree = "<group>"; };
		2B1A8B7D1D128E4A004CF59D /* marker.png */ = {isa = PBXFileReference; lastKnownFileType = image.png; path = marker.png; sourceTree = "<group>"; };
		2B5626481CF23CFF00834E68 /* HomeVC.swift */ = {isa = PBXFileReference; fileEncoding = 4; lastKnownFileType = sourcecode.swift; path = HomeVC.swift; sourceTree = "<group>"; };
		2B56264A1CF23D5300834E68 /* PickupLocationVC.swift */ = {isa = PBXFileReference; fileEncoding = 4; lastKnownFileType = sourcecode.swift; path = PickupLocationVC.swift; sourceTree = "<group>"; };
		2B64259E1D01376E0059A8DF /* SubscriptionLoader.swift */ = {isa = PBXFileReference; fileEncoding = 4; lastKnownFileType = sourcecode.swift; path = SubscriptionLoader.swift; sourceTree = "<group>"; };
		2B64259F1D01376E0059A8DF /* DataManager.swift */ = {isa = PBXFileReference; fileEncoding = 4; lastKnownFileType = sourcecode.swift; path = DataManager.swift; sourceTree = "<group>"; };
		2B64C97B1D0153F5006C3E10 /* Request.swift */ = {isa = PBXFileReference; fileEncoding = 4; lastKnownFileType = sourcecode.swift; path = Request.swift; sourceTree = "<group>"; };
		2B6F2B161D014465009619D1 /* TestVC.swift */ = {isa = PBXFileReference; fileEncoding = 4; lastKnownFileType = sourcecode.swift; path = TestVC.swift; sourceTree = "<group>"; };
		2BB4BD3B1D01B49700433811 /* Offer.swift */ = {isa = PBXFileReference; fileEncoding = 4; lastKnownFileType = sourcecode.swift; path = Offer.swift; sourceTree = "<group>"; };
		2BB4BD3D1D01BFB100433811 /* MyRequestsVC.swift */ = {isa = PBXFileReference; fileEncoding = 4; lastKnownFileType = sourcecode.swift; path = MyRequestsVC.swift; sourceTree = "<group>"; };
		2BEAFF1F1CF364D900CDBD8A /* kerbit-Bridging-Header.h */ = {isa = PBXFileReference; lastKnownFileType = sourcecode.c.h; path = "kerbit-Bridging-Header.h"; sourceTree = "<group>"; };
		2BEAFF221CF36F5200CDBD8A /* FormVC.swift */ = {isa = PBXFileReference; fileEncoding = 4; lastKnownFileType = sourcecode.swift; path = FormVC.swift; sourceTree = "<group>"; };
		9EC4C2113BB101BA34BCD418 /* Pods-kerbit.debug.xcconfig */ = {isa = PBXFileReference; includeInIndex = 1; lastKnownFileType = text.xcconfig; name = "Pods-kerbit.debug.xcconfig"; path = "Pods/Target Support Files/Pods-kerbit/Pods-kerbit.debug.xcconfig"; sourceTree = "<group>"; };
		A7E22FBF4919CA6893EE12E2 /* Pods-kerbit.release.xcconfig */ = {isa = PBXFileReference; includeInIndex = 1; lastKnownFileType = text.xcconfig; name = "Pods-kerbit.release.xcconfig"; path = "Pods/Target Support Files/Pods-kerbit/Pods-kerbit.release.xcconfig"; sourceTree = "<group>"; };
		E0B344014B762D92F71C7F71 /* libPods-kerbit.a */ = {isa = PBXFileReference; explicitFileType = archive.ar; includeInIndex = 0; path = "libPods-kerbit.a"; sourceTree = BUILT_PRODUCTS_DIR; };
/* End PBXFileReference section */

/* Begin PBXFrameworksBuildPhase section */
		2B0D1FEC1CF20FA1003E3130 /* Frameworks */ = {
			isa = PBXFrameworksBuildPhase;
			buildActionMask = 2147483647;
			files = (
				FFFE1C912F9B1C7A747BCE01 /* libPods-kerbit.a in Frameworks */,
			);
			runOnlyForDeploymentPostprocessing = 0;
		};
/* End PBXFrameworksBuildPhase section */

/* Begin PBXGroup section */
		2B0D1FE61CF20FA1003E3130 = {
			isa = PBXGroup;
			children = (
				2B1A8B7B1D1288EF004CF59D /* logo.png */,
				2B1A8B7D1D128E4A004CF59D /* marker.png */,
				2B0D1FF11CF20FA1003E3130 /* kerbit */,
				2B0D1FF01CF20FA1003E3130 /* Products */,
				93D1E1C4B05927A35193B4A1 /* Pods */,
				CFEA2BBD5E7DFD26A0259758 /* Frameworks */,
			);
			sourceTree = "<group>";
		};
		2B0D1FF01CF20FA1003E3130 /* Products */ = {
			isa = PBXGroup;
			children = (
				2B0D1FEF1CF20FA1003E3130 /* kerbit.app */,
			);
			name = Products;
			sourceTree = "<group>";
		};
		2B0D1FF11CF20FA1003E3130 /* kerbit */ = {
			isa = PBXGroup;
			children = (
				2B64259E1D01376E0059A8DF /* SubscriptionLoader.swift */,
				2B64259F1D01376E0059A8DF /* DataManager.swift */,
				2B0D1FF21CF20FA1003E3130 /* AppDelegate.swift */,
				2B0D1FF41CF20FA1003E3130 /* ViewController.swift */,
				2B0D1FF61CF20FA1003E3130 /* Main.storyboard */,
				2B0D1FFC1CF20FA1003E3130 /* Assets.xcassets */,
				2B0D1FFE1CF20FA1003E3130 /* LaunchScreen.storyboard */,
				2B0D20011CF20FA1003E3130 /* Info.plist */,
				2B0D1FF91CF20FA1003E3130 /* kerbit.xcdatamodeld */,
				2B10155F1D109BCF0012D5F3 /* ViewManager.swift */,
				2B5626481CF23CFF00834E68 /* HomeVC.swift */,
				2BEAFF221CF36F5200CDBD8A /* FormVC.swift */,
				2B56264A1CF23D5300834E68 /* PickupLocationVC.swift */,
				2BB4BD3D1D01BFB100433811 /* MyRequestsVC.swift */,
				2B6F2B161D014465009619D1 /* TestVC.swift */,
				2B1A8B731D11A3A8004CF59D /* RequestView.swift */,
				2BEAFF1F1CF364D900CDBD8A /* kerbit-Bridging-Header.h */,
				2B64C97B1D0153F5006C3E10 /* Request.swift */,
				2BB4BD3B1D01B49700433811 /* Offer.swift */,
				2B1015631D10E7D40012D5F3 /* Item.swift */,
				2B1A8B771D1279E8004CF59D /* Colors.swift */,
			);
			path = kerbit;
			sourceTree = "<group>";
		};
		93D1E1C4B05927A35193B4A1 /* Pods */ = {
			isa = PBXGroup;
			children = (
				9EC4C2113BB101BA34BCD418 /* Pods-kerbit.debug.xcconfig */,
				A7E22FBF4919CA6893EE12E2 /* Pods-kerbit.release.xcconfig */,
			);
			name = Pods;
			sourceTree = "<group>";
		};
		CFEA2BBD5E7DFD26A0259758 /* Frameworks */ = {
			isa = PBXGroup;
			children = (
				E0B344014B762D92F71C7F71 /* libPods-kerbit.a */,
			);
			name = Frameworks;
			sourceTree = "<group>";
		};
/* End PBXGroup section */

/* Begin PBXNativeTarget section */
		2B0D1FEE1CF20FA1003E3130 /* kerbit */ = {
			isa = PBXNativeTarget;
			buildConfigurationList = 2B0D20041CF20FA1003E3130 /* Build configuration list for PBXNativeTarget "kerbit" */;
			buildPhases = (
				BDC2DB710D16DA3CA8BBA27F /* 📦 Check Pods Manifest.lock */,
				2B0D1FEB1CF20FA1003E3130 /* Sources */,
				2B0D1FEC1CF20FA1003E3130 /* Frameworks */,
				2B0D1FED1CF20FA1003E3130 /* Resources */,
				1F6AD4BF9D9D64AA56E07D82 /* 📦 Embed Pods Frameworks */,
				78A4EE21F384FC88F25007E8 /* 📦 Copy Pods Resources */,
			);
			buildRules = (
			);
			dependencies = (
			);
			name = kerbit;
			productName = kerbit;
			productReference = 2B0D1FEF1CF20FA1003E3130 /* kerbit.app */;
			productType = "com.apple.product-type.application";
		};
/* End PBXNativeTarget section */

/* Begin PBXProject section */
		2B0D1FE71CF20FA1003E3130 /* Project object */ = {
			isa = PBXProject;
			attributes = {
				LastSwiftUpdateCheck = 0730;
				LastUpgradeCheck = 0720;
				ORGANIZATIONNAME = APTSD;
				TargetAttributes = {
					2B0D1FEE1CF20FA1003E3130 = {
						CreatedOnToolsVersion = 7.2.1;
						DevelopmentTeam = ZFFBRZM5F4;
					};
				};
			};
			buildConfigurationList = 2B0D1FEA1CF20FA1003E3130 /* Build configuration list for PBXProject "kerbit" */;
			compatibilityVersion = "Xcode 3.2";
			developmentRegion = English;
			hasScannedForEncodings = 0;
			knownRegions = (
				en,
				Base,
			);
			mainGroup = 2B0D1FE61CF20FA1003E3130;
			productRefGroup = 2B0D1FF01CF20FA1003E3130 /* Products */;
			projectDirPath = "";
			projectRoot = "";
			targets = (
				2B0D1FEE1CF20FA1003E3130 /* kerbit */,
			);
		};
/* End PBXProject section */

/* Begin PBXResourcesBuildPhase section */
		2B0D1FED1CF20FA1003E3130 /* Resources */ = {
			isa = PBXResourcesBuildPhase;
			buildActionMask = 2147483647;
			files = (
				2B1A8B7C1D1288EF004CF59D /* logo.png in Resources */,
				2B1A8B7E1D128E4A004CF59D /* marker.png in Resources */,
				2B0D20001CF20FA1003E3130 /* LaunchScreen.storyboard in Resources */,
				2B0D1FFD1CF20FA1003E3130 /* Assets.xcassets in Resources */,
				2B0D1FF81CF20FA1003E3130 /* Main.storyboard in Resources */,
			);
			runOnlyForDeploymentPostprocessing = 0;
		};
/* End PBXResourcesBuildPhase section */

/* Begin PBXShellScriptBuildPhase section */
		1F6AD4BF9D9D64AA56E07D82 /* 📦 Embed Pods Frameworks */ = {
			isa = PBXShellScriptBuildPhase;
			buildActionMask = 2147483647;
			files = (
			);
			inputPaths = (
			);
			name = "📦 Embed Pods Frameworks";
			outputPaths = (
			);
			runOnlyForDeploymentPostprocessing = 0;
			shellPath = /bin/sh;
			shellScript = "\"${SRCROOT}/Pods/Target Support Files/Pods-kerbit/Pods-kerbit-frameworks.sh\"\n";
			showEnvVarsInLog = 0;
		};
		78A4EE21F384FC88F25007E8 /* 📦 Copy Pods Resources */ = {
			isa = PBXShellScriptBuildPhase;
			buildActionMask = 2147483647;
			files = (
			);
			inputPaths = (
			);
			name = "📦 Copy Pods Resources";
			outputPaths = (
			);
			runOnlyForDeploymentPostprocessing = 0;
			shellPath = /bin/sh;
			shellScript = "\"${SRCROOT}/Pods/Target Support Files/Pods-kerbit/Pods-kerbit-resources.sh\"\n";
			showEnvVarsInLog = 0;
		};
		BDC2DB710D16DA3CA8BBA27F /* 📦 Check Pods Manifest.lock */ = {
			isa = PBXShellScriptBuildPhase;
			buildActionMask = 2147483647;
			files = (
			);
			inputPaths = (
			);
			name = "📦 Check Pods Manifest.lock";
			outputPaths = (
			);
			runOnlyForDeploymentPostprocessing = 0;
			shellPath = /bin/sh;
			shellScript = "diff \"${PODS_ROOT}/../Podfile.lock\" \"${PODS_ROOT}/Manifest.lock\" > /dev/null\nif [[ $? != 0 ]] ; then\n    cat << EOM\nerror: The sandbox is not in sync with the Podfile.lock. Run 'pod install' or update your CocoaPods installation.\nEOM\n    exit 1\nfi\n";
			showEnvVarsInLog = 0;
		};
/* End PBXShellScriptBuildPhase section */

/* Begin PBXSourcesBuildPhase section */
		2B0D1FEB1CF20FA1003E3130 /* Sources */ = {
			isa = PBXSourcesBuildPhase;
			buildActionMask = 2147483647;
			files = (
				2BB4BD3E1D01BFB100433811 /* MyRequestsVC.swift in Sources */,
				2BB4BD3C1D01B49700433811 /* Offer.swift in Sources */,
				2B0D1FF51CF20FA1003E3130 /* ViewController.swift in Sources */,
				2B6425A11D01376E0059A8DF /* DataManager.swift in Sources */,
				2B1015641D10E7D40012D5F3 /* Item.swift in Sources */,
				2B1A8B741D11A3A8004CF59D /* RequestView.swift in Sources */,
				2B5626491CF23CFF00834E68 /* HomeVC.swift in Sources */,
				2B6425A01D01376E0059A8DF /* SubscriptionLoader.swift in Sources */,
				2BEAFF231CF36F5200CDBD8A /* FormVC.swift in Sources */,
				2B1A8B781D1279E8004CF59D /* Colors.swift in Sources */,
				2B1015601D109BCF0012D5F3 /* ViewManager.swift in Sources */,
				2B56264B1CF23D5300834E68 /* PickupLocationVC.swift in Sources */,
				2B0D1FF31CF20FA1003E3130 /* AppDelegate.swift in Sources */,
				2B64C97C1D0153F5006C3E10 /* Request.swift in Sources */,
				2B6F2B171D014465009619D1 /* TestVC.swift in Sources */,
				2B0D1FFB1CF20FA1003E3130 /* kerbit.xcdatamodeld in Sources */,
			);
			runOnlyForDeploymentPostprocessing = 0;
		};
/* End PBXSourcesBuildPhase section */

/* Begin PBXVariantGroup section */
		2B0D1FF61CF20FA1003E3130 /* Main.storyboard */ = {
			isa = PBXVariantGroup;
			children = (
				2B0D1FF71CF20FA1003E3130 /* Base */,
			);
			name = Main.storyboard;
			sourceTree = "<group>";
		};
		2B0D1FFE1CF20FA1003E3130 /* LaunchScreen.storyboard */ = {
			isa = PBXVariantGroup;
			children = (
				2B0D1FFF1CF20FA1003E3130 /* Base */,
			);
			name = LaunchScreen.storyboard;
			sourceTree = "<group>";
		};
/* End PBXVariantGroup section */

/* Begin XCBuildConfiguration section */
		2B0D20021CF20FA1003E3130 /* Debug */ = {
			isa = XCBuildConfiguration;
			buildSettings = {
				ALWAYS_SEARCH_USER_PATHS = NO;
				CLANG_CXX_LANGUAGE_STANDARD = "gnu++0x";
				CLANG_CXX_LIBRARY = "libc++";
				CLANG_ENABLE_MODULES = YES;
				CLANG_ENABLE_OBJC_ARC = YES;
				CLANG_WARN_BOOL_CONVERSION = YES;
				CLANG_WARN_CONSTANT_CONVERSION = YES;
				CLANG_WARN_DIRECT_OBJC_ISA_USAGE = YES_ERROR;
				CLANG_WARN_EMPTY_BODY = YES;
				CLANG_WARN_ENUM_CONVERSION = YES;
				CLANG_WARN_INT_CONVERSION = YES;
				CLANG_WARN_OBJC_ROOT_CLASS = YES_ERROR;
				CLANG_WARN_UNREACHABLE_CODE = YES;
				CLANG_WARN__DUPLICATE_METHOD_MATCH = YES;
				"CODE_SIGN_IDENTITY[sdk=iphoneos*]" = "iPhone Developer";
				COPY_PHASE_STRIP = NO;
				DEBUG_INFORMATION_FORMAT = dwarf;
				ENABLE_STRICT_OBJC_MSGSEND = YES;
				ENABLE_TESTABILITY = YES;
				GCC_C_LANGUAGE_STANDARD = gnu99;
				GCC_DYNAMIC_NO_PIC = NO;
				GCC_NO_COMMON_BLOCKS = YES;
				GCC_OPTIMIZATION_LEVEL = 0;
				GCC_PREPROCESSOR_DEFINITIONS = (
					"DEBUG=1",
					"$(inherited)",
				);
				GCC_WARN_64_TO_32_BIT_CONVERSION = YES;
				GCC_WARN_ABOUT_RETURN_TYPE = YES_ERROR;
				GCC_WARN_UNDECLARED_SELECTOR = YES;
				GCC_WARN_UNINITIALIZED_AUTOS = YES_AGGRESSIVE;
				GCC_WARN_UNUSED_FUNCTION = YES;
				GCC_WARN_UNUSED_VARIABLE = YES;
				IPHONEOS_DEPLOYMENT_TARGET = 9.2;
				MTL_ENABLE_DEBUG_INFO = YES;
				ONLY_ACTIVE_ARCH = YES;
				SDKROOT = iphoneos;
				SWIFT_OPTIMIZATION_LEVEL = "-Onone";
			};
			name = Debug;
		};
		2B0D20031CF20FA1003E3130 /* Release */ = {
			isa = XCBuildConfiguration;
			buildSettings = {
				ALWAYS_SEARCH_USER_PATHS = NO;
				CLANG_CXX_LANGUAGE_STANDARD = "gnu++0x";
				CLANG_CXX_LIBRARY = "libc++";
				CLANG_ENABLE_MODULES = YES;
				CLANG_ENABLE_OBJC_ARC = YES;
				CLANG_WARN_BOOL_CONVERSION = YES;
				CLANG_WARN_CONSTANT_CONVERSION = YES;
				CLANG_WARN_DIRECT_OBJC_ISA_USAGE = YES_ERROR;
				CLANG_WARN_EMPTY_BODY = YES;
				CLANG_WARN_ENUM_CONVERSION = YES;
				CLANG_WARN_INT_CONVERSION = YES;
				CLANG_WARN_OBJC_ROOT_CLASS = YES_ERROR;
				CLANG_WARN_UNREACHABLE_CODE = YES;
				CLANG_WARN__DUPLICATE_METHOD_MATCH = YES;
				"CODE_SIGN_IDENTITY[sdk=iphoneos*]" = "iPhone Developer";
				COPY_PHASE_STRIP = NO;
				DEBUG_INFORMATION_FORMAT = "dwarf-with-dsym";
				ENABLE_NS_ASSERTIONS = NO;
				ENABLE_STRICT_OBJC_MSGSEND = YES;
				GCC_C_LANGUAGE_STANDARD = gnu99;
				GCC_NO_COMMON_BLOCKS = YES;
				GCC_WARN_64_TO_32_BIT_CONVERSION = YES;
				GCC_WARN_ABOUT_RETURN_TYPE = YES_ERROR;
				GCC_WARN_UNDECLARED_SELECTOR = YES;
				GCC_WARN_UNINITIALIZED_AUTOS = YES_AGGRESSIVE;
				GCC_WARN_UNUSED_FUNCTION = YES;
				GCC_WARN_UNUSED_VARIABLE = YES;
				IPHONEOS_DEPLOYMENT_TARGET = 9.2;
				MTL_ENABLE_DEBUG_INFO = NO;
				SDKROOT = iphoneos;
				VALIDATE_PRODUCT = YES;
			};
			name = Release;
		};
		2B0D20051CF20FA1003E3130 /* Debug */ = {
			isa = XCBuildConfiguration;
			baseConfigurationReference = 9EC4C2113BB101BA34BCD418 /* Pods-kerbit.debug.xcconfig */;
			buildSettings = {
				ASSETCATALOG_COMPILER_APPICON_NAME = AppIcon;
				CLANG_ENABLE_MODULES = YES;
				CODE_SIGN_IDENTITY = "iPhone Developer";
				INFOPLIST_FILE = kerbit/Info.plist;
				IPHONEOS_DEPLOYMENT_TARGET = 9.3;
				LD_RUNPATH_SEARCH_PATHS = "$(inherited) @executable_path/Frameworks";
				PRODUCT_BUNDLE_IDENTIFIER = aptsd.kerbit;
				PRODUCT_NAME = "$(TARGET_NAME)";
				SWIFT_OBJC_BRIDGING_HEADER = "kerbit/kerbit-Bridging-Header.h";
				SWIFT_OPTIMIZATION_LEVEL = "-Onone";
			};
			name = Debug;
		};
		2B0D20061CF20FA1003E3130 /* Release */ = {
			isa = XCBuildConfiguration;
			baseConfigurationReference = A7E22FBF4919CA6893EE12E2 /* Pods-kerbit.release.xcconfig */;
			buildSettings = {
				ASSETCATALOG_COMPILER_APPICON_NAME = AppIcon;
				CLANG_ENABLE_MODULES = YES;
				CODE_SIGN_IDENTITY = "iPhone Developer";
				INFOPLIST_FILE = kerbit/Info.plist;
				IPHONEOS_DEPLOYMENT_TARGET = 9.3;
				LD_RUNPATH_SEARCH_PATHS = "$(inherited) @executable_path/Frameworks";
				PRODUCT_BUNDLE_IDENTIFIER = aptsd.kerbit;
				PRODUCT_NAME = "$(TARGET_NAME)";
				SWIFT_OBJC_BRIDGING_HEADER = "kerbit/kerbit-Bridging-Header.h";
			};
			name = Release;
		};
/* End XCBuildConfiguration section */

/* Begin XCConfigurationList section */
		2B0D1FEA1CF20FA1003E3130 /* Build configuration list for PBXProject "kerbit" */ = {
			isa = XCConfigurationList;
			buildConfigurations = (
				2B0D20021CF20FA1003E3130 /* Debug */,
				2B0D20031CF20FA1003E3130 /* Release */,
			);
			defaultConfigurationIsVisible = 0;
			defaultConfigurationName = Release;
		};
		2B0D20041CF20FA1003E3130 /* Build configuration list for PBXNativeTarget "kerbit" */ = {
			isa = XCConfigurationList;
			buildConfigurations = (
				2B0D20051CF20FA1003E3130 /* Debug */,
				2B0D20061CF20FA1003E3130 /* Release */,
			);
			defaultConfigurationIsVisible = 0;
			defaultConfigurationName = Release;
		};
/* End XCConfigurationList section */

/* Begin XCVersionGroup section */
		2B0D1FF91CF20FA1003E3130 /* kerbit.xcdatamodeld */ = {
			isa = XCVersionGroup;
			children = (
				2B0D1FFA1CF20FA1003E3130 /* kerbit.xcdatamodel */,
			);
			currentVersion = 2B0D1FFA1CF20FA1003E3130 /* kerbit.xcdatamodel */;
			path = kerbit.xcdatamodeld;
			sourceTree = "<group>";
			versionGroupType = wrapper.xcdatamodel;
		};
/* End XCVersionGroup section */
	};
	rootObject = 2B0D1FE71CF20FA1003E3130 /* Project object */;
}
